Microsoft Visual Studio Solution File, Format Version 11.00
# Visual Studio 2010
Project("{8BC9CEB8-8B4A-11D0-8D11-00A0C91BC942}") = "ALL_BUILD", "ALL_BUILD.vcxproj", "{F0F35E34-A8B7-3209-AED7-64023771D841}"
	ProjectSection(ProjectDependencies) = postProject
		{3C8C16EC-A60D-3DAD-9E16-B612EC7DB31E} = {3C8C16EC-A60D-3DAD-9E16-B612EC7DB31E}
		{71C03D84-538F-353C-954D-C57A57EE4F35} = {71C03D84-538F-353C-954D-C57A57EE4F35}
		{29D2A662-55F3-3D0D-ACFE-645721EBF91D} = {29D2A662-55F3-3D0D-ACFE-645721EBF91D}
		{607FB2BD-E550-3210-BADC-C92921247576} = {607FB2BD-E550-3210-BADC-C92921247576}
		{7C44C266-E5ED-335C-83AD-4E0492073B15} = {7C44C266-E5ED-335C-83AD-4E0492073B15}
		{A360E326-A712-3DEA-878B-49D19DACE5B1} = {A360E326-A712-3DEA-878B-49D19DACE5B1}
		{56D4548C-2815-3564-BD3A-8D175874117C} = {56D4548C-2815-3564-BD3A-8D175874117C}
		{19898727-3564-3321-BB01-9F0A98190DDB} = {19898727-3564-3321-BB01-9F0A98190DDB}
		{047EB441-52A0-3D11-B47E-CD8CE28BF296} = {047EB441-52A0-3D11-B47E-CD8CE28BF296}
		{65892F9D-5146-3812-9569-0C880A293C28} = {65892F9D-5146-3812-9569-0C880A293C28}
		{28A7F94D-8B9A-34E2-8CBD-C4C3610B6D9F} = {28A7F94D-8B9A-34E2-8CBD-C4C3610B6D9F}
		{CF114B83-F7B2-33C0-B53B-0045E90C832B} = {CF114B83-F7B2-33C0-B53B-0045E90C832B}
	EndProjectSection
EndProject
Project("{8BC9CEB8-8B4A-11D0-8D11-00A0C91BC942}") = "INSTALL", "INSTALL.vcxproj", "{9F581F9C-2AA4-3BDC-955E-07D1627EBD2E}"
	ProjectSection(ProjectDependencies) = postProject
		{F0F35E34-A8B7-3209-AED7-64023771D841} = {F0F35E34-A8B7-3209-AED7-64023771D841}
		{3C8C16EC-A60D-3DAD-9E16-B612EC7DB31E} = {3C8C16EC-A60D-3DAD-9E16-B612EC7DB31E}
	EndProjectSection
EndProject
Project("{8BC9CEB8-8B4A-11D0-8D11-00A0C91BC942}") = "ZERO_CHECK", "ZERO_CHECK.vcxproj", "{3C8C16EC-A60D-3DAD-9E16-B612EC7DB31E}"
	ProjectSection(ProjectDependencies) = postProject
	EndProjectSection
EndProject
Project("{8BC9CEB8-8B4A-11D0-8D11-00A0C91BC942}") = "cmvs", "main\cmvs.vcxproj", "{71C03D84-538F-353C-954D-C57A57EE4F35}"
	ProjectSection(ProjectDependencies) = postProject
		{3C8C16EC-A60D-3DAD-9E16-B612EC7DB31E} = {3C8C16EC-A60D-3DAD-9E16-B612EC7DB31E}
		{29D2A662-55F3-3D0D-ACFE-645721EBF91D} = {29D2A662-55F3-3D0D-ACFE-645721EBF91D}
		{7C44C266-E5ED-335C-83AD-4E0492073B15} = {7C44C266-E5ED-335C-83AD-4E0492073B15}
		{A360E326-A712-3DEA-878B-49D19DACE5B1} = {A360E326-A712-3DEA-878B-49D19DACE5B1}
		{56D4548C-2815-3564-BD3A-8D175874117C} = {56D4548C-2815-3564-BD3A-8D175874117C}
		{CF114B83-F7B2-33C0-B53B-0045E90C832B} = {CF114B83-F7B2-33C0-B53B-0045E90C832B}
	EndProjectSection
EndProject
Project("{8BC9CEB8-8B4A-11D0-8D11-00A0C91BC942}") = "cmvs_lib", "base\cmvs\cmvs_lib.vcxproj", "{29D2A662-55F3-3D0D-ACFE-645721EBF91D}"
	ProjectSection(ProjectDependencies) = postProject
		{3C8C16EC-A60D-3DAD-9E16-B612EC7DB31E} = {3C8C16EC-A60D-3DAD-9E16-B612EC7DB31E}
	EndProjectSection
EndProject
Project("{8BC9CEB8-8B4A-11D0-8D11-00A0C91BC942}") = "genOption", "main\genOption.vcxproj", "{607FB2BD-E550-3210-BADC-C92921247576}"
	ProjectSection(ProjectDependencies) = postProject
		{3C8C16EC-A60D-3DAD-9E16-B612EC7DB31E} = {3C8C16EC-A60D-3DAD-9E16-B612EC7DB31E}
	EndProjectSection
EndProject
Project("{8BC9CEB8-8B4A-11D0-8D11-00A0C91BC942}") = "graclus_lib", "thirdParty\graclus1.2\graclus_lib.vcxproj", "{7C44C266-E5ED-335C-83AD-4E0492073B15}"
	ProjectSection(ProjectDependencies) = postProject
		{3C8C16EC-A60D-3DAD-9E16-B612EC7DB31E} = {3C8C16EC-A60D-3DAD-9E16-B612EC7DB31E}
	EndProjectSection
EndProject
Project("{8BC9CEB8-8B4A-11D0-8D11-00A0C91BC942}") = "image_lib", "base\image\image_lib.vcxproj", "{A360E326-A712-3DEA-878B-49D19DACE5B1}"
	ProjectSection(ProjectDependencies) = postProject
		{3C8C16EC-A60D-3DAD-9E16-B612EC7DB31E} = {3C8C16EC-A60D-3DAD-9E16-B612EC7DB31E}
	EndProjectSection
EndProject
Project("{8BC9CEB8-8B4A-11D0-8D11-00A0C91BC942}") = "jpeg", "thirdParty\jpeg\jpeg.vcxproj", "{56D4548C-2815-3564-BD3A-8D175874117C}"
	ProjectSection(ProjectDependencies) = postProject
		{3C8C16EC-A60D-3DAD-9E16-B612EC7DB31E} = {3C8C16EC-A60D-3DAD-9E16-B612EC7DB31E}
	EndProjectSection
EndProject
Project("{8BC9CEB8-8B4A-11D0-8D11-00A0C91BC942}") = "nlopt", "thirdParty\nlopt-2.4.2\nlopt.vcxproj", "{19898727-3564-3321-BB01-9F0A98190DDB}"
	ProjectSection(ProjectDependencies) = postProject
		{3C8C16EC-A60D-3DAD-9E16-B612EC7DB31E} = {3C8C16EC-A60D-3DAD-9E16-B612EC7DB31E}
	EndProjectSection
EndProject
Project("{8BC9CEB8-8B4A-11D0-8D11-00A0C91BC942}") = "numeric_lib", "base\numeric\numeric_lib.vcxproj", "{047EB441-52A0-3D11-B47E-CD8CE28BF296}"
	ProjectSection(ProjectDependencies) = postProject
		{3C8C16EC-A60D-3DAD-9E16-B612EC7DB31E} = {3C8C16EC-A60D-3DAD-9E16-B612EC7DB31E}
	EndProjectSection
EndProject
Project("{8BC9CEB8-8B4A-11D0-8D11-00A0C91BC942}") = "pmvs2", "main\pmvs2.vcxproj", "{65892F9D-5146-3812-9569-0C880A293C28}"
	ProjectSection(ProjectDependencies) = postProject
		{3C8C16EC-A60D-3DAD-9E16-B612EC7DB31E} = {3C8C16EC-A60D-3DAD-9E16-B612EC7DB31E}
		{A360E326-A712-3DEA-878B-49D19DACE5B1} = {A360E326-A712-3DEA-878B-49D19DACE5B1}
		{56D4548C-2815-3564-BD3A-8D175874117C} = {56D4548C-2815-3564-BD3A-8D175874117C}
		{19898727-3564-3321-BB01-9F0A98190DDB} = {19898727-3564-3321-BB01-9F0A98190DDB}
		{047EB441-52A0-3D11-B47E-CD8CE28BF296} = {047EB441-52A0-3D11-B47E-CD8CE28BF296}
		{28A7F94D-8B9A-34E2-8CBD-C4C3610B6D9F} = {28A7F94D-8B9A-34E2-8CBD-C4C3610B6D9F}
		{CF114B83-F7B2-33C0-B53B-0045E90C832B} = {CF114B83-F7B2-33C0-B53B-0045E90C832B}
	EndProjectSection
EndProject
Project("{8BC9CEB8-8B4A-11D0-8D11-00A0C91BC942}") = "pmvs_lib", "base\pmvs\pmvs_lib.vcxproj", "{28A7F94D-8B9A-34E2-8CBD-C4C3610B6D9F}"
	ProjectSection(ProjectDependencies) = postProject
		{3C8C16EC-A60D-3DAD-9E16-B612EC7DB31E} = {3C8C16EC-A60D-3DAD-9E16-B612EC7DB31E}
	EndProjectSection
EndProject
Project("{8BC9CEB8-8B4A-11D0-8D11-00A0C91BC942}") = "tinycthread", "thirdParty\tinycthread\tinycthread.vcxproj", "{CF114B83-F7B2-33C0-B53B-0045E90C832B}"
	ProjectSection(ProjectDependencies) = postProject
		{3C8C16EC-A60D-3DAD-9E16-B612EC7DB31E} = {3C8C16EC-A60D-3DAD-9E16-B612EC7DB31E}
	EndProjectSection
EndProject
Global
	GlobalSection(SolutionConfigurationPlatforms) = preSolution
		Debug|Win32 = Debug|Win32
		Release|Win32 = Release|Win32
		MinSizeRel|Win32 = MinSizeRel|Win32
		RelWithDebInfo|Win32 = RelWithDebInfo|Win32
	EndGlobalSection
	GlobalSection(ProjectConfigurationPlatforms) = postSolution
		{F0F35E34-A8B7-3209-AED7-64023771D841}.Debug|Win32.ActiveCfg = Debug|Win32
		{F0F35E34-A8B7-3209-AED7-64023771D841}.Debug|Win32.Build.0 = Debug|Win32
		{F0F35E34-A8B7-3209-AED7-64023771D841}.Release|Win32.ActiveCfg = Release|Win32
		{F0F35E34-A8B7-3209-AED7-64023771D841}.Release|Win32.Build.0 = Release|Win32
		{F0F35E34-A8B7-3209-AED7-64023771D841}.MinSizeRel|Win32.ActiveCfg = MinSizeRel|Win32
		{F0F35E34-A8B7-3209-AED7-64023771D841}.MinSizeRel|Win32.Build.0 = MinSizeRel|Win32
		{F0F35E34-A8B7-3209-AED7-64023771D841}.RelWithDebInfo|Win32.ActiveCfg = RelWithDebInfo|Win32
		{F0F35E34-A8B7-3209-AED7-64023771D841}.RelWithDebInfo|Win32.Build.0 = RelWithDebInfo|Win32
		{9F581F9C-2AA4-3BDC-955E-07D1627EBD2E}.Debug|Win32.ActiveCfg = Debug|Win32
		{9F581F9C-2AA4-3BDC-955E-07D1627EBD2E}.Release|Win32.ActiveCfg = Release|Win32
		{9F581F9C-2AA4-3BDC-955E-07D1627EBD2E}.MinSizeRel|Win32.ActiveCfg = MinSizeRel|Win32
		{9F581F9C-2AA4-3BDC-955E-07D1627EBD2E}.RelWithDebInfo|Win32.ActiveCfg = RelWithDebInfo|Win32
		{3C8C16EC-A60D-3DAD-9E16-B612EC7DB31E}.Debug|Win32.ActiveCfg = Debug|Win32
		{3C8C16EC-A60D-3DAD-9E16-B612EC7DB31E}.Debug|Win32.Build.0 = Debug|Win32
		{3C8C16EC-A60D-3DAD-9E16-B612EC7DB31E}.Release|Win32.ActiveCfg = Release|Win32
		{3C8C16EC-A60D-3DAD-9E16-B612EC7DB31E}.Release|Win32.Build.0 = Release|Win32
		{3C8C16EC-A60D-3DAD-9E16-B612EC7DB31E}.MinSizeRel|Win32.ActiveCfg = MinSizeRel|Win32
		{3C8C16EC-A60D-3DAD-9E16-B612EC7DB31E}.MinSizeRel|Win32.Build.0 = MinSizeRel|Win32
		{3C8C16EC-A60D-3DAD-9E16-B612EC7DB31E}.RelWithDebInfo|Win32.ActiveCfg = RelWithDebInfo|Win32
		{3C8C16EC-A60D-3DAD-9E16-B612EC7DB31E}.RelWithDebInfo|Win32.Build.0 = RelWithDebInfo|Win32
		{71C03D84-538F-353C-954D-C57A57EE4F35}.Debug|Win32.ActiveCfg = Debug|Win32
		{71C03D84-538F-353C-954D-C57A57EE4F35}.Debug|Win32.Build.0 = Debug|Win32
		{71C03D84-538F-353C-954D-C57A57EE4F35}.Release|Win32.ActiveCfg = Release|Win32
		{71C03D84-538F-353C-954D-C57A57EE4F35}.Release|Win32.Build.0 = Release|Win32
		{71C03D84-538F-353C-954D-C57A57EE4F35}.MinSizeRel|Win32.ActiveCfg = MinSizeRel|Win32
		{71C03D84-538F-353C-954D-C57A57EE4F35}.MinSizeRel|Win32.Build.0 = MinSizeRel|Win32
		{71C03D84-538F-353C-954D-C57A57EE4F35}.RelWithDebInfo|Win32.ActiveCfg = RelWithDebInfo|Win32
		{71C03D84-538F-353C-954D-C57A57EE4F35}.RelWithDebInfo|Win32.Build.0 = RelWithDebInfo|Win32
		{29D2A662-55F3-3D0D-ACFE-645721EBF91D}.Debug|Win32.ActiveCfg = Debug|Win32
		{29D2A662-55F3-3D0D-ACFE-645721EBF91D}.Debug|Win32.Build.0 = Debug|Win32
		{29D2A662-55F3-3D0D-ACFE-645721EBF91D}.Release|Win32.ActiveCfg = Release|Win32
		{29D2A662-55F3-3D0D-ACFE-645721EBF91D}.Release|Win32.Build.0 = Release|Win32
		{29D2A662-55F3-3D0D-ACFE-645721EBF91D}.MinSizeRel|Win32.ActiveCfg = MinSizeRel|Win32
		{29D2A662-55F3-3D0D-ACFE-645721EBF91D}.MinSizeRel|Win32.Build.0 = MinSizeRel|Win32
		{29D2A662-55F3-3D0D-ACFE-645721EBF91D}.RelWithDebInfo|Win32.ActiveCfg = RelWithDebInfo|Win32
		{29D2A662-55F3-3D0D-ACFE-645721EBF91D}.RelWithDebInfo|Win32.Build.0 = RelWithDebInfo|Win32
		{607FB2BD-E550-3210-BADC-C92921247576}.Debug|Win32.ActiveCfg = Debug|Win32
		{607FB2BD-E550-3210-BADC-C92921247576}.Debug|Win32.Build.0 = Debug|Win32
		{607FB2BD-E550-3210-BADC-C92921247576}.Release|Win32.ActiveCfg = Release|Win32
		{607FB2BD-E550-3210-BADC-C92921247576}.Release|Win32.Build.0 = Release|Win32
		{607FB2BD-E550-3210-BADC-C92921247576}.MinSizeRel|Win32.ActiveCfg = MinSizeRel|Win32
		{607FB2BD-E550-3210-BADC-C92921247576}.MinSizeRel|Win32.Build.0 = MinSizeRel|Win32
		{607FB2BD-E550-3210-BADC-C92921247576}.RelWithDebInfo|Win32.ActiveCfg = RelWithDebInfo|Win32
		{607FB2BD-E550-3210-BADC-C92921247576}.RelWithDebInfo|Win32.Build.0 = RelWithDebInfo|Win32
		{7C44C266-E5ED-335C-83AD-4E0492073B15}.Debug|Win32.ActiveCfg = Debug|Win32
		{7C44C266-E5ED-335C-83AD-4E0492073B15}.Debug|Win32.Build.0 = Debug|Win32
		{7C44C266-E5ED-335C-83AD-4E0492073B15}.Release|Win32.ActiveCfg = Release|Win32
		{7C44C266-E5ED-335C-83AD-4E0492073B15}.Release|Win32.Build.0 = Release|Win32
		{7C44C266-E5ED-335C-83AD-4E0492073B15}.MinSizeRel|Win32.ActiveCfg = MinSizeRel|Win32
		{7C44C266-E5ED-335C-83AD-4E0492073B15}.MinSizeRel|Win32.Build.0 = MinSizeRel|Win32
		{7C44C266-E5ED-335C-83AD-4E0492073B15}.RelWithDebInfo|Win32.ActiveCfg = RelWithDebInfo|Win32
		{7C44C266-E5ED-335C-83AD-4E0492073B15}.RelWithDebInfo|Win32.Build.0 = RelWithDebInfo|Win32
		{A360E326-A712-3DEA-878B-49D19DACE5B1}.Debug|Win32.ActiveCfg = Debug|Win32
		{A360E326-A712-3DEA-878B-49D19DACE5B1}.Debug|Win32.Build.0 = Debug|Win32
		{A360E326-A712-3DEA-878B-49D19DACE5B1}.Release|Win32.ActiveCfg = Release|Win32
		{A360E326-A712-3DEA-878B-49D19DACE5B1}.Release|Win32.Build.0 = Release|Win32
		{A360E326-A712-3DEA-878B-49D19DACE5B1}.MinSizeRel|Win32.ActiveCfg = MinSizeRel|Win32
		{A360E326-A712-3DEA-878B-49D19DACE5B1}.MinSizeRel|Win32.Build.0 = MinSizeRel|Win32
		{A360E326-A712-3DEA-878B-49D19DACE5B1}.RelWithDebInfo|Win32.ActiveCfg = RelWithDebInfo|Win32
		{A360E326-A712-3DEA-878B-49D19DACE5B1}.RelWithDebInfo|Win32.Build.0 = RelWithDebInfo|Win32
		{56D4548C-2815-3564-BD3A-8D175874117C}.Debug|Win32.ActiveCfg = Debug|Win32
		{56D4548C-2815-3564-BD3A-8D175874117C}.Debug|Win32.Build.0 = Debug|Win32
		{56D4548C-2815-3564-BD3A-8D175874117C}.Release|Win32.ActiveCfg = Release|Win32
		{56D4548C-2815-3564-BD3A-8D175874117C}.Release|Win32.Build.0 = Release|Win32
		{56D4548C-2815-3564-BD3A-8D175874117C}.MinSizeRel|Win32.ActiveCfg = MinSizeRel|Win32
		{56D4548C-2815-3564-BD3A-8D175874117C}.MinSizeRel|Win32.Build.0 = MinSizeRel|Win32
		{56D4548C-2815-3564-BD3A-8D175874117C}.RelWithDebInfo|Win32.ActiveCfg = RelWithDebInfo|Win32
		{56D4548C-2815-3564-BD3A-8D175874117C}.RelWithDebInfo|Win32.Build.0 = RelWithDebInfo|Win32
		{19898727-3564-3321-BB01-9F0A98190DDB}.Debug|Win32.ActiveCfg = Debug|Win32
		{19898727-3564-3321-BB01-9F0A98190DDB}.Debug|Win32.Build.0 = Debug|Win32
		{19898727-3564-3321-BB01-9F0A98190DDB}.Release|Win32.ActiveCfg = Release|Win32
		{19898727-3564-3321-BB01-9F0A98190DDB}.Release|Win32.Build.0 = Release|Win32
		{19898727-3564-3321-BB01-9F0A98190DDB}.MinSizeRel|Win32.ActiveCfg = MinSizeRel|Win32
		{19898727-3564-3321-BB01-9F0A98190DDB}.MinSizeRel|Win32.Build.0 = MinSizeRel|Win32
		{19898727-3564-3321-BB01-9F0A98190DDB}.RelWithDebInfo|Win32.ActiveCfg = RelWithDebInfo|Win32
		{19898727-3564-3321-BB01-9F0A98190DDB}.RelWithDebInfo|Win32.Build.0 = RelWithDebInfo|Win32
		{047EB441-52A0-3D11-B47E-CD8CE28BF296}.Debug|Win32.ActiveCfg = Debug|Win32
		{047EB441-52A0-3D11-B47E-CD8CE28BF296}.Debug|Win32.Build.0 = Debug|Win32
		{047EB441-52A0-3D11-B47E-CD8CE28BF296}.Release|Win32.ActiveCfg = Release|Win32
		{047EB441-52A0-3D11-B47E-CD8CE28BF296}.Release|Win32.Build.0 = Release|Win32
		{047EB441-52A0-3D11-B47E-CD8CE28BF296}.MinSizeRel|Win32.ActiveCfg = MinSizeRel|Win32
		{047EB441-52A0-3D11-B47E-CD8CE28BF296}.MinSizeRel|Win32.Build.0 = MinSizeRel|Win32
		{047EB441-52A0-3D11-B47E-CD8CE28BF296}.RelWithDebInfo|Win32.ActiveCfg = RelWithDebInfo|Win32
		{047EB441-52A0-3D11-B47E-CD8CE28BF296}.RelWithDebInfo|Win32.Build.0 = RelWithDebInfo|Win32
		{65892F9D-5146-3812-9569-0C880A293C28}.Debug|Win32.ActiveCfg = Debug|Win32
		{65892F9D-5146-3812-9569-0C880A293C28}.Debug|Win32.Build.0 = Debug|Win32
		{65892F9D-5146-3812-9569-0C880A293C28}.Release|Win32.ActiveCfg = Release|Win32
		{65892F9D-5146-3812-9569-0C880A293C28}.Release|Win32.Build.0 = Release|Win32
		{65892F9D-5146-3812-9569-0C880A293C28}.MinSizeRel|Win32.ActiveCfg = MinSizeRel|Win32
		{65892F9D-5146-3812-9569-0C880A293C28}.MinSizeRel|Win32.Build.0 = MinSizeRel|Win32
		{65892F9D-5146-3812-9569-0C880A293C28}.RelWithDebInfo|Win32.ActiveCfg = RelWithDebInfo|Win32
		{65892F9D-5146-3812-9569-0C880A293C28}.RelWithDebInfo|Win32.Build.0 = RelWithDebInfo|Win32
		{28A7F94D-8B9A-34E2-8CBD-C4C3610B6D9F}.Debug|Win32.ActiveCfg = Debug|Win32
		{28A7F94D-8B9A-34E2-8CBD-C4C3610B6D9F}.Debug|Win32.Build.0 = Debug|Win32
		{28A7F94D-8B9A-34E2-8CBD-C4C3610B6D9F}.Release|Win32.ActiveCfg = Release|Win32
		{28A7F94D-8B9A-34E2-8CBD-C4C3610B6D9F}.Release|Win32.Build.0 = Release|Win32
		{28A7F94D-8B9A-34E2-8CBD-C4C3610B6D9F}.MinSizeRel|Win32.ActiveCfg = MinSizeRel|Win32
		{28A7F94D-8B9A-34E2-8CBD-C4C3610B6D9F}.MinSizeRel|Win32.Build.0 = MinSizeRel|Win32
		{28A7F94D-8B9A-34E2-8CBD-C4C3610B6D9F}.RelWithDebInfo|Win32.ActiveCfg = RelWithDebInfo|Win32
		{28A7F94D-8B9A-34E2-8CBD-C4C3610B6D9F}.RelWithDebInfo|Win32.Build.0 = RelWithDebInfo|Win32
		{CF114B83-F7B2-33C0-B53B-0045E90C832B}.Debug|Win32.ActiveCfg = Debug|Win32
		{CF114B83-F7B2-33C0-B53B-0045E90C832B}.Debug|Win32.Build.0 = Debug|Win32
		{CF114B83-F7B2-33C0-B53B-0045E90C832B}.Release|Win32.ActiveCfg = Release|Win32
		{CF114B83-F7B2-33C0-B53B-0045E90C832B}.Release|Win32.Build.0 = Release|Win32
		{CF114B83-F7B2-33C0-B53B-0045E90C832B}.MinSizeRel|Win32.ActiveCfg = MinSizeRel|Win32
		{CF114B83-F7B2-33C0-B53B-0045E90C832B}.MinSizeRel|Win32.Build.0 = MinSizeRel|Win32
		{CF114B83-F7B2-33C0-B53B-0045E90C832B}.RelWithDebInfo|Win32.ActiveCfg = RelWithDebInfo|Win32
		{CF114B83-F7B2-33C0-B53B-0045E90C832B}.RelWithDebInfo|Win32.Build.0 = RelWithDebInfo|Win32
	EndGlobalSection
	GlobalSection(ExtensibilityGlobals) = postSolution
	EndGlobalSection
	GlobalSection(ExtensibilityAddIns) = postSolution
	EndGlobalSection
EndGlobal
