Microsoft Visual Studio Solution File, Format Version 12.00
# Visual Studio 2013
Project("{8BC9CEB8-8B4A-11D0-8D11-00A0C91BC942}") = "ALL_BUILD", "ALL_BUILD.vcxproj", "{B739B294-4159-3DF0-878D-C1BBF1700372}"
	ProjectSection(ProjectDependencies) = postProject
		{2ED88A48-6190-39B8-8C26-BBC5BAA5B50B} = {2ED88A48-6190-39B8-8C26-BBC5BAA5B50B}
		{D1582476-3959-3005-87FE-E07FAA590DA7} = {D1582476-3959-3005-87FE-E07FAA590DA7}
		{BE847B4E-7E2B-3736-8B13-8D19309B71FB} = {BE847B4E-7E2B-3736-8B13-8D19309B71FB}
		{D3733983-7790-3F57-8F3A-446CFF220159} = {D3733983-7790-3F57-8F3A-446CFF220159}
		{B8643B4C-1E42-3791-BFE1-777E2CAC75A8} = {B8643B4C-1E42-3791-BFE1-777E2CAC75A8}
		{2AAD090C-066A-3B3A-8E94-9A902478781B} = {2AAD090C-066A-3B3A-8E94-9A902478781B}
		{215893C0-6BA5-3C0F-BC88-6D8D989F4C2A} = {215893C0-6BA5-3C0F-BC88-6D8D989F4C2A}
		{C8AE351E-14D9-39E3-8C44-8C12803096AD} = {C8AE351E-14D9-39E3-8C44-8C12803096AD}
		{7835BC31-972A-393F-B799-51B7FB690EB7} = {7835BC31-972A-393F-B799-51B7FB690EB7}
		{9BC52AFB-57DF-35FF-AEBB-C45FDAEE2AAC} = {9BC52AFB-57DF-35FF-AEBB-C45FDAEE2AAC}
		{FD6E159E-8AC5-3C28-9FC6-930778853B72} = {FD6E159E-8AC5-3C28-9FC6-930778853B72}
	EndProjectSection
EndProject
Project("{8BC9CEB8-8B4A-11D0-8D11-00A0C91BC942}") = "INSTALL", "INSTALL.vcxproj", "{50FD5ADE-C0C9-3C79-B2CB-11FC7451E001}"
	ProjectSection(ProjectDependencies) = postProject
		{B739B294-4159-3DF0-878D-C1BBF1700372} = {B739B294-4159-3DF0-878D-C1BBF1700372}
		{2ED88A48-6190-39B8-8C26-BBC5BAA5B50B} = {2ED88A48-6190-39B8-8C26-BBC5BAA5B50B}
	EndProjectSection
EndProject
Project("{8BC9CEB8-8B4A-11D0-8D11-00A0C91BC942}") = "ZERO_CHECK", "ZERO_CHECK.vcxproj", "{2ED88A48-6190-39B8-8C26-BBC5BAA5B50B}"
	ProjectSection(ProjectDependencies) = postProject
	EndProjectSection
EndProject
Project("{8BC9CEB8-8B4A-11D0-8D11-00A0C91BC942}") = "cmvs", "main\cmvs.vcxproj", "{D1582476-3959-3005-87FE-E07FAA590DA7}"
	ProjectSection(ProjectDependencies) = postProject
		{2ED88A48-6190-39B8-8C26-BBC5BAA5B50B} = {2ED88A48-6190-39B8-8C26-BBC5BAA5B50B}
		{BE847B4E-7E2B-3736-8B13-8D19309B71FB} = {BE847B4E-7E2B-3736-8B13-8D19309B71FB}
		{B8643B4C-1E42-3791-BFE1-777E2CAC75A8} = {B8643B4C-1E42-3791-BFE1-777E2CAC75A8}
		{2AAD090C-066A-3B3A-8E94-9A902478781B} = {2AAD090C-066A-3B3A-8E94-9A902478781B}
		{FD6E159E-8AC5-3C28-9FC6-930778853B72} = {FD6E159E-8AC5-3C28-9FC6-930778853B72}
	EndProjectSection
EndProject
Project("{8BC9CEB8-8B4A-11D0-8D11-00A0C91BC942}") = "cmvs_lib", "base\cmvs\cmvs_lib.vcxproj", "{BE847B4E-7E2B-3736-8B13-8D19309B71FB}"
	ProjectSection(ProjectDependencies) = postProject
		{2ED88A48-6190-39B8-8C26-BBC5BAA5B50B} = {2ED88A48-6190-39B8-8C26-BBC5BAA5B50B}
	EndProjectSection
EndProject
Project("{8BC9CEB8-8B4A-11D0-8D11-00A0C91BC942}") = "genOption", "main\genOption.vcxproj", "{D3733983-7790-3F57-8F3A-446CFF220159}"
	ProjectSection(ProjectDependencies) = postProject
		{2ED88A48-6190-39B8-8C26-BBC5BAA5B50B} = {2ED88A48-6190-39B8-8C26-BBC5BAA5B50B}
	EndProjectSection
EndProject
Project("{8BC9CEB8-8B4A-11D0-8D11-00A0C91BC942}") = "graclus_lib", "thirdParty\graclus1.2\graclus_lib.vcxproj", "{B8643B4C-1E42-3791-BFE1-777E2CAC75A8}"
	ProjectSection(ProjectDependencies) = postProject
		{2ED88A48-6190-39B8-8C26-BBC5BAA5B50B} = {2ED88A48-6190-39B8-8C26-BBC5BAA5B50B}
	EndProjectSection
EndProject
Project("{8BC9CEB8-8B4A-11D0-8D11-00A0C91BC942}") = "image_lib", "base\image\image_lib.vcxproj", "{2AAD090C-066A-3B3A-8E94-9A902478781B}"
	ProjectSection(ProjectDependencies) = postProject
		{2ED88A48-6190-39B8-8C26-BBC5BAA5B50B} = {2ED88A48-6190-39B8-8C26-BBC5BAA5B50B}
	EndProjectSection
EndProject
Project("{8BC9CEB8-8B4A-11D0-8D11-00A0C91BC942}") = "nlopt", "thirdParty\nlopt-2.4.2\nlopt.vcxproj", "{215893C0-6BA5-3C0F-BC88-6D8D989F4C2A}"
	ProjectSection(ProjectDependencies) = postProject
		{2ED88A48-6190-39B8-8C26-BBC5BAA5B50B} = {2ED88A48-6190-39B8-8C26-BBC5BAA5B50B}
	EndProjectSection
EndProject
Project("{8BC9CEB8-8B4A-11D0-8D11-00A0C91BC942}") = "numeric_lib", "base\numeric\numeric_lib.vcxproj", "{C8AE351E-14D9-39E3-8C44-8C12803096AD}"
	ProjectSection(ProjectDependencies) = postProject
		{2ED88A48-6190-39B8-8C26-BBC5BAA5B50B} = {2ED88A48-6190-39B8-8C26-BBC5BAA5B50B}
	EndProjectSection
EndProject
Project("{8BC9CEB8-8B4A-11D0-8D11-00A0C91BC942}") = "pmvs2", "main\pmvs2.vcxproj", "{7835BC31-972A-393F-B799-51B7FB690EB7}"
	ProjectSection(ProjectDependencies) = postProject
		{2ED88A48-6190-39B8-8C26-BBC5BAA5B50B} = {2ED88A48-6190-39B8-8C26-BBC5BAA5B50B}
		{2AAD090C-066A-3B3A-8E94-9A902478781B} = {2AAD090C-066A-3B3A-8E94-9A902478781B}
		{215893C0-6BA5-3C0F-BC88-6D8D989F4C2A} = {215893C0-6BA5-3C0F-BC88-6D8D989F4C2A}
		{C8AE351E-14D9-39E3-8C44-8C12803096AD} = {C8AE351E-14D9-39E3-8C44-8C12803096AD}
		{9BC52AFB-57DF-35FF-AEBB-C45FDAEE2AAC} = {9BC52AFB-57DF-35FF-AEBB-C45FDAEE2AAC}
		{FD6E159E-8AC5-3C28-9FC6-930778853B72} = {FD6E159E-8AC5-3C28-9FC6-930778853B72}
	EndProjectSection
EndProject
Project("{8BC9CEB8-8B4A-11D0-8D11-00A0C91BC942}") = "pmvs_lib", "base\pmvs\pmvs_lib.vcxproj", "{9BC52AFB-57DF-35FF-AEBB-C45FDAEE2AAC}"
	ProjectSection(ProjectDependencies) = postProject
		{2ED88A48-6190-39B8-8C26-BBC5BAA5B50B} = {2ED88A48-6190-39B8-8C26-BBC5BAA5B50B}
	EndProjectSection
EndProject
Project("{8BC9CEB8-8B4A-11D0-8D11-00A0C91BC942}") = "tinycthread", "thirdParty\tinycthread\tinycthread.vcxproj", "{FD6E159E-8AC5-3C28-9FC6-930778853B72}"
	ProjectSection(ProjectDependencies) = postProject
		{2ED88A48-6190-39B8-8C26-BBC5BAA5B50B} = {2ED88A48-6190-39B8-8C26-BBC5BAA5B50B}
	EndProjectSection
EndProject
Global
	GlobalSection(SolutionConfigurationPlatforms) = preSolution
		Debug|x64 = Debug|x64
		Release|x64 = Release|x64
		MinSizeRel|x64 = MinSizeRel|x64
		RelWithDebInfo|x64 = RelWithDebInfo|x64
	EndGlobalSection
	GlobalSection(ProjectConfigurationPlatforms) = postSolution
		{B739B294-4159-3DF0-878D-C1BBF1700372}.Debug|x64.ActiveCfg = Debug|x64
		{B739B294-4159-3DF0-878D-C1BBF1700372}.Debug|x64.Build.0 = Debug|x64
		{B739B294-4159-3DF0-878D-C1BBF1700372}.Release|x64.ActiveCfg = Release|x64
		{B739B294-4159-3DF0-878D-C1BBF1700372}.Release|x64.Build.0 = Release|x64
		{B739B294-4159-3DF0-878D-C1BBF1700372}.MinSizeRel|x64.ActiveCfg = MinSizeRel|x64
		{B739B294-4159-3DF0-878D-C1BBF1700372}.MinSizeRel|x64.Build.0 = MinSizeRel|x64
		{B739B294-4159-3DF0-878D-C1BBF1700372}.RelWithDebInfo|x64.ActiveCfg = RelWithDebInfo|x64
		{B739B294-4159-3DF0-878D-C1BBF1700372}.RelWithDebInfo|x64.Build.0 = RelWithDebInfo|x64
		{50FD5ADE-C0C9-3C79-B2CB-11FC7451E001}.Debug|x64.ActiveCfg = Debug|x64
		{50FD5ADE-C0C9-3C79-B2CB-11FC7451E001}.Release|x64.ActiveCfg = Release|x64
		{50FD5ADE-C0C9-3C79-B2CB-11FC7451E001}.MinSizeRel|x64.ActiveCfg = MinSizeRel|x64
		{50FD5ADE-C0C9-3C79-B2CB-11FC7451E001}.RelWithDebInfo|x64.ActiveCfg = RelWithDebInfo|x64
		{2ED88A48-6190-39B8-8C26-BBC5BAA5B50B}.Debug|x64.ActiveCfg = Debug|x64
		{2ED88A48-6190-39B8-8C26-BBC5BAA5B50B}.Debug|x64.Build.0 = Debug|x64
		{2ED88A48-6190-39B8-8C26-BBC5BAA5B50B}.Release|x64.ActiveCfg = Release|x64
		{2ED88A48-6190-39B8-8C26-BBC5BAA5B50B}.Release|x64.Build.0 = Release|x64
		{2ED88A48-6190-39B8-8C26-BBC5BAA5B50B}.MinSizeRel|x64.ActiveCfg = MinSizeRel|x64
		{2ED88A48-6190-39B8-8C26-BBC5BAA5B50B}.MinSizeRel|x64.Build.0 = MinSizeRel|x64
		{2ED88A48-6190-39B8-8C26-BBC5BAA5B50B}.RelWithDebInfo|x64.ActiveCfg = RelWithDebInfo|x64
		{2ED88A48-6190-39B8-8C26-BBC5BAA5B50B}.RelWithDebInfo|x64.Build.0 = RelWithDebInfo|x64
		{D1582476-3959-3005-87FE-E07FAA590DA7}.Debug|x64.ActiveCfg = Debug|x64
		{D1582476-3959-3005-87FE-E07FAA590DA7}.Debug|x64.Build.0 = Debug|x64
		{D1582476-3959-3005-87FE-E07FAA590DA7}.Release|x64.ActiveCfg = Release|x64
		{D1582476-3959-3005-87FE-E07FAA590DA7}.Release|x64.Build.0 = Release|x64
		{D1582476-3959-3005-87FE-E07FAA590DA7}.MinSizeRel|x64.ActiveCfg = MinSizeRel|x64
		{D1582476-3959-3005-87FE-E07FAA590DA7}.MinSizeRel|x64.Build.0 = MinSizeRel|x64
		{D1582476-3959-3005-87FE-E07FAA590DA7}.RelWithDebInfo|x64.ActiveCfg = RelWithDebInfo|x64
		{D1582476-3959-3005-87FE-E07FAA590DA7}.RelWithDebInfo|x64.Build.0 = RelWithDebInfo|x64
		{BE847B4E-7E2B-3736-8B13-8D19309B71FB}.Debug|x64.ActiveCfg = Debug|x64
		{BE847B4E-7E2B-3736-8B13-8D19309B71FB}.Debug|x64.Build.0 = Debug|x64
		{BE847B4E-7E2B-3736-8B13-8D19309B71FB}.Release|x64.ActiveCfg = Release|x64
		{BE847B4E-7E2B-3736-8B13-8D19309B71FB}.Release|x64.Build.0 = Release|x64
		{BE847B4E-7E2B-3736-8B13-8D19309B71FB}.MinSizeRel|x64.ActiveCfg = MinSizeRel|x64
		{BE847B4E-7E2B-3736-8B13-8D19309B71FB}.MinSizeRel|x64.Build.0 = MinSizeRel|x64
		{BE847B4E-7E2B-3736-8B13-8D19309B71FB}.RelWithDebInfo|x64.ActiveCfg = RelWithDebInfo|x64
		{BE847B4E-7E2B-3736-8B13-8D19309B71FB}.RelWithDebInfo|x64.Build.0 = RelWithDebInfo|x64
		{D3733983-7790-3F57-8F3A-446CFF220159}.Debug|x64.ActiveCfg = Debug|x64
		{D3733983-7790-3F57-8F3A-446CFF220159}.Debug|x64.Build.0 = Debug|x64
		{D3733983-7790-3F57-8F3A-446CFF220159}.Release|x64.ActiveCfg = Release|x64
		{D3733983-7790-3F57-8F3A-446CFF220159}.Release|x64.Build.0 = Release|x64
		{D3733983-7790-3F57-8F3A-446CFF220159}.MinSizeRel|x64.ActiveCfg = MinSizeRel|x64
		{D3733983-7790-3F57-8F3A-446CFF220159}.MinSizeRel|x64.Build.0 = MinSizeRel|x64
		{D3733983-7790-3F57-8F3A-446CFF220159}.RelWithDebInfo|x64.ActiveCfg = RelWithDebInfo|x64
		{D3733983-7790-3F57-8F3A-446CFF220159}.RelWithDebInfo|x64.Build.0 = RelWithDebInfo|x64
		{B8643B4C-1E42-3791-BFE1-777E2CAC75A8}.Debug|x64.ActiveCfg = Debug|x64
		{B8643B4C-1E42-3791-BFE1-777E2CAC75A8}.Debug|x64.Build.0 = Debug|x64
		{B8643B4C-1E42-3791-BFE1-777E2CAC75A8}.Release|x64.ActiveCfg = Release|x64
		{B8643B4C-1E42-3791-BFE1-777E2CAC75A8}.Release|x64.Build.0 = Release|x64
		{B8643B4C-1E42-3791-BFE1-777E2CAC75A8}.MinSizeRel|x64.ActiveCfg = MinSizeRel|x64
		{B8643B4C-1E42-3791-BFE1-777E2CAC75A8}.MinSizeRel|x64.Build.0 = MinSizeRel|x64
		{B8643B4C-1E42-3791-BFE1-777E2CAC75A8}.RelWithDebInfo|x64.ActiveCfg = RelWithDebInfo|x64
		{B8643B4C-1E42-3791-BFE1-777E2CAC75A8}.RelWithDebInfo|x64.Build.0 = RelWithDebInfo|x64
		{2AAD090C-066A-3B3A-8E94-9A902478781B}.Debug|x64.ActiveCfg = Debug|x64
		{2AAD090C-066A-3B3A-8E94-9A902478781B}.Debug|x64.Build.0 = Debug|x64
		{2AAD090C-066A-3B3A-8E94-9A902478781B}.Release|x64.ActiveCfg = Release|x64
		{2AAD090C-066A-3B3A-8E94-9A902478781B}.Release|x64.Build.0 = Release|x64
		{2AAD090C-066A-3B3A-8E94-9A902478781B}.MinSizeRel|x64.ActiveCfg = MinSizeRel|x64
		{2AAD090C-066A-3B3A-8E94-9A902478781B}.MinSizeRel|x64.Build.0 = MinSizeRel|x64
		{2AAD090C-066A-3B3A-8E94-9A902478781B}.RelWithDebInfo|x64.ActiveCfg = RelWithDebInfo|x64
		{2AAD090C-066A-3B3A-8E94-9A902478781B}.RelWithDebInfo|x64.Build.0 = RelWithDebInfo|x64
		{215893C0-6BA5-3C0F-BC88-6D8D989F4C2A}.Debug|x64.ActiveCfg = Debug|x64
		{215893C0-6BA5-3C0F-BC88-6D8D989F4C2A}.Debug|x64.Build.0 = Debug|x64
		{215893C0-6BA5-3C0F-BC88-6D8D989F4C2A}.Release|x64.ActiveCfg = Release|x64
		{215893C0-6BA5-3C0F-BC88-6D8D989F4C2A}.Release|x64.Build.0 = Release|x64
		{215893C0-6BA5-3C0F-BC88-6D8D989F4C2A}.MinSizeRel|x64.ActiveCfg = MinSizeRel|x64
		{215893C0-6BA5-3C0F-BC88-6D8D989F4C2A}.MinSizeRel|x64.Build.0 = MinSizeRel|x64
		{215893C0-6BA5-3C0F-BC88-6D8D989F4C2A}.RelWithDebInfo|x64.ActiveCfg = RelWithDebInfo|x64
		{215893C0-6BA5-3C0F-BC88-6D8D989F4C2A}.RelWithDebInfo|x64.Build.0 = RelWithDebInfo|x64
		{C8AE351E-14D9-39E3-8C44-8C12803096AD}.Debug|x64.ActiveCfg = Debug|x64
		{C8AE351E-14D9-39E3-8C44-8C12803096AD}.Debug|x64.Build.0 = Debug|x64
		{C8AE351E-14D9-39E3-8C44-8C12803096AD}.Release|x64.ActiveCfg = Release|x64
		{C8AE351E-14D9-39E3-8C44-8C12803096AD}.Release|x64.Build.0 = Release|x64
		{C8AE351E-14D9-39E3-8C44-8C12803096AD}.MinSizeRel|x64.ActiveCfg = MinSizeRel|x64
		{C8AE351E-14D9-39E3-8C44-8C12803096AD}.MinSizeRel|x64.Build.0 = MinSizeRel|x64
		{C8AE351E-14D9-39E3-8C44-8C12803096AD}.RelWithDebInfo|x64.ActiveCfg = RelWithDebInfo|x64
		{C8AE351E-14D9-39E3-8C44-8C12803096AD}.RelWithDebInfo|x64.Build.0 = RelWithDebInfo|x64
		{7835BC31-972A-393F-B799-51B7FB690EB7}.Debug|x64.ActiveCfg = Debug|x64
		{7835BC31-972A-393F-B799-51B7FB690EB7}.Debug|x64.Build.0 = Debug|x64
		{7835BC31-972A-393F-B799-51B7FB690EB7}.Release|x64.ActiveCfg = Release|x64
		{7835BC31-972A-393F-B799-51B7FB690EB7}.Release|x64.Build.0 = Release|x64
		{7835BC31-972A-393F-B799-51B7FB690EB7}.MinSizeRel|x64.ActiveCfg = MinSizeRel|x64
		{7835BC31-972A-393F-B799-51B7FB690EB7}.MinSizeRel|x64.Build.0 = MinSizeRel|x64
		{7835BC31-972A-393F-B799-51B7FB690EB7}.RelWithDebInfo|x64.ActiveCfg = RelWithDebInfo|x64
		{7835BC31-972A-393F-B799-51B7FB690EB7}.RelWithDebInfo|x64.Build.0 = RelWithDebInfo|x64
		{9BC52AFB-57DF-35FF-AEBB-C45FDAEE2AAC}.Debug|x64.ActiveCfg = Debug|x64
		{9BC52AFB-57DF-35FF-AEBB-C45FDAEE2AAC}.Debug|x64.Build.0 = Debug|x64
		{9BC52AFB-57DF-35FF-AEBB-C45FDAEE2AAC}.Release|x64.ActiveCfg = Release|x64
		{9BC52AFB-57DF-35FF-AEBB-C45FDAEE2AAC}.Release|x64.Build.0 = Release|x64
		{9BC52AFB-57DF-35FF-AEBB-C45FDAEE2AAC}.MinSizeRel|x64.ActiveCfg = MinSizeRel|x64
		{9BC52AFB-57DF-35FF-AEBB-C45FDAEE2AAC}.MinSizeRel|x64.Build.0 = MinSizeRel|x64
		{9BC52AFB-57DF-35FF-AEBB-C45FDAEE2AAC}.RelWithDebInfo|x64.ActiveCfg = RelWithDebInfo|x64
		{9BC52AFB-57DF-35FF-AEBB-C45FDAEE2AAC}.RelWithDebInfo|x64.Build.0 = RelWithDebInfo|x64
		{FD6E159E-8AC5-3C28-9FC6-930778853B72}.Debug|x64.ActiveCfg = Debug|x64
		{FD6E159E-8AC5-3C28-9FC6-930778853B72}.Debug|x64.Build.0 = Debug|x64
		{FD6E159E-8AC5-3C28-9FC6-930778853B72}.Release|x64.ActiveCfg = Release|x64
		{FD6E159E-8AC5-3C28-9FC6-930778853B72}.Release|x64.Build.0 = Release|x64
		{FD6E159E-8AC5-3C28-9FC6-930778853B72}.MinSizeRel|x64.ActiveCfg = MinSizeRel|x64
		{FD6E159E-8AC5-3C28-9FC6-930778853B72}.MinSizeRel|x64.Build.0 = MinSizeRel|x64
		{FD6E159E-8AC5-3C28-9FC6-930778853B72}.RelWithDebInfo|x64.ActiveCfg = RelWithDebInfo|x64
		{FD6E159E-8AC5-3C28-9FC6-930778853B72}.RelWithDebInfo|x64.Build.0 = RelWithDebInfo|x64
	EndGlobalSection
	GlobalSection(ExtensibilityGlobals) = postSolution
	EndGlobalSection
	GlobalSection(ExtensibilityAddIns) = postSolution
	EndGlobalSection
EndGlobal
